
Microsoft Visual Studio Solution File, Format Version 12.00
# Visual Studio Version 17
VisualStudioVersion = 17.7.34024.191
MinimumVisualStudioVersion = 10.0.40219.1
Project("{9A19103F-16F7-4668-BE54-9A1E7A4F7556}") = "SiemensApp", "SiemensApp\SiemensApp.csproj", "{F22C8755-0603-4B9E-B1FD-D0D5A0FF5A4C}"
EndProject
Project("{9A19103F-16F7-4668-BE54-9A1E7A4F7556}") = "SiemensAppTest", "SiemensAppTest\SiemensAppTest.csproj", "{2113D678-C043-4AE0-8F36-C06AB6BBF9E7}"
EndProject
Global
	GlobalSection(SolutionConfigurationPlatforms) = preSolution
		Debug|Any CPU = Debug|Any CPU
		Release|Any CPU = Release|Any CPU
	EndGlobalSection
	GlobalSection(ProjectConfigurationPlatforms) = postSolution
		{F22C8755-0603-4B9E-B1FD-D0D5A0FF5A4C}.Debug|Any CPU.ActiveCfg = Debug|Any CPU
		{F22C8755-0603-4B9E-B1FD-D0D5A0FF5A4C}.Debug|Any CPU.Build.0 = Debug|Any CPU
		{F22C8755-0603-4B9E-B1FD-D0D5A0FF5A4C}.Release|Any CPU.ActiveCfg = Release|Any CPU
		{F22C8755-0603-4B9E-B1FD-D0D5A0FF5A4C}.Release|Any CPU.Build.0 = Release|Any CPU
		{2113D678-C043-4AE0-8F36-C06AB6BBF9E7}.Debug|Any CPU.ActiveCfg = Debug|Any CPU
		{2113D678-C043-4AE0-8F36-C06AB6BBF9E7}.Debug|Any CPU.Build.0 = Debug|Any CPU
		{2113D678-C043-4AE0-8F36-C06AB6BBF9E7}.Release|Any CPU.ActiveCfg = Release|Any CPU
		{2113D678-C043-4AE0-8F36-C06AB6BBF9E7}.Release|Any CPU.Build.0 = Release|Any CPU
	EndGlobalSection
	GlobalSection(SolutionProperties) = preSolution
		HideSolutionNode = FALSE
	EndGlobalSection
	GlobalSection(ExtensibilityGlobals) = postSolution
		SolutionGuid = {889BE997-CC35-4B73-BA03-E3C2E3995014}
	EndGlobalSection
EndGlobal
